
Microsoft Visual Studio Solution File, Format Version 12.00
# Visual Studio 15
VisualStudioVersion = 15.0.27004.2005
MinimumVisualStudioVersion = 10.0.40219.1
Project("{D954291E-2A0B-460D-934E-DC6B0785DB48}") = "PLCAPP", "PLCAPP\PLCAPP\PLCAPP.shproj", "{153300EE-9099-4F9D-8514-C049BE46AB61}"
EndProject
Project("{FAE04EC0-301F-11D3-BF4B-00C04F79EFBC}") = "PLCAPP.Android", "PLCAPP\PLCAPP.Android\PLCAPP.Android.csproj", "{2A496B99-374A-4E4A-9FF2-7DE579AAC047}"
EndProject
Project("{FAE04EC0-301F-11D3-BF4B-00C04F79EFBC}") = "PLCAPP.iOS", "PLCAPP\PLCAPP.iOS\PLCAPP.iOS.csproj", "{71B347AC-9353-43B0-9861-EC1741A9BEFE}"
EndProject
Global
	GlobalSection(SharedMSBuildProjectFiles) = preSolution
		PLCAPP\PLCAPP\PLCAPP.projitems*{153300ee-9099-4f9d-8514-c049be46ab61}*SharedItemsImports = 13
		PLCAPP\PLCAPP\PLCAPP.projitems*{2a496b99-374a-4e4a-9ff2-7de579aac047}*SharedItemsImports = 4
		PLCAPP\PLCAPP\PLCAPP.projitems*{71b347ac-9353-43b0-9861-ec1741a9befe}*SharedItemsImports = 4
	EndGlobalSection
	GlobalSection(SolutionConfigurationPlatforms) = preSolution
		Ad-Hoc|Any CPU = Ad-Hoc|Any CPU
		Ad-Hoc|ARM = Ad-Hoc|ARM
		Ad-Hoc|iPhone = Ad-Hoc|iPhone
		Ad-Hoc|iPhoneSimulator = Ad-Hoc|iPhoneSimulator
		Ad-Hoc|x64 = Ad-Hoc|x64
		Ad-Hoc|x86 = Ad-Hoc|x86
		AppStore|Any CPU = AppStore|Any CPU
		AppStore|ARM = AppStore|ARM
		AppStore|iPhone = AppStore|iPhone
		AppStore|iPhoneSimulator = AppStore|iPhoneSimulator
		AppStore|x64 = AppStore|x64
		AppStore|x86 = AppStore|x86
		Debug|Any CPU = Debug|Any CPU
		Debug|ARM = Debug|ARM
		Debug|iPhone = Debug|iPhone
		Debug|iPhoneSimulator = Debug|iPhoneSimulator
		Debug|x64 = Debug|x64
		Debug|x86 = Debug|x86
		Release|Any CPU = Release|Any CPU
		Release|ARM = Release|ARM
		Release|iPhone = Release|iPhone
		Release|iPhoneSimulator = Release|iPhoneSimulator
		Release|x64 = Release|x64
		Release|x86 = Release|x86
	EndGlobalSection
	GlobalSection(ProjectConfigurationPlatforms) = postSolution
		{2A496B99-374A-4E4A-9FF2-7DE579AAC047}.Ad-Hoc|Any CPU.ActiveCfg = Release|Any CPU
		{2A496B99-374A-4E4A-9FF2-7DE579AAC047}.Ad-Hoc|Any CPU.Build.0 = Release|Any CPU
		{2A496B99-374A-4E4A-9FF2-7DE579AAC047}.Ad-Hoc|Any CPU.Deploy.0 = Release|Any CPU
		{2A496B99-374A-4E4A-9FF2-7DE579AAC047}.Ad-Hoc|ARM.ActiveCfg = Release|Any CPU
		{2A496B99-374A-4E4A-9FF2-7DE579AAC047}.Ad-Hoc|ARM.Build.0 = Release|Any CPU
		{2A496B99-374A-4E4A-9FF2-7DE579AAC047}.Ad-Hoc|ARM.Deploy.0 = Release|Any CPU
		{2A496B99-374A-4E4A-9FF2-7DE579AAC047}.Ad-Hoc|iPhone.ActiveCfg = Release|Any CPU
		{2A496B99-374A-4E4A-9FF2-7DE579AAC047}.Ad-Hoc|iPhone.Build.0 = Release|Any CPU
		{2A496B99-374A-4E4A-9FF2-7DE579AAC047}.Ad-Hoc|iPhone.Deploy.0 = Release|Any CPU
		{2A496B99-374A-4E4A-9FF2-7DE579AAC047}.Ad-Hoc|iPhoneSimulator.ActiveCfg = Release|Any CPU
		{2A496B99-374A-4E4A-9FF2-7DE579AAC047}.Ad-Hoc|iPhoneSimulator.Build.0 = Release|Any CPU
		{2A496B99-374A-4E4A-9FF2-7DE579AAC047}.Ad-Hoc|iPhoneSimulator.Deploy.0 = Release|Any CPU
		{2A496B99-374A-4E4A-9FF2-7DE579AAC047}.Ad-Hoc|x64.ActiveCfg = Release|Any CPU
		{2A496B99-374A-4E4A-9FF2-7DE579AAC047}.Ad-Hoc|x64.Build.0 = Release|Any CPU
		{2A496B99-374A-4E4A-9FF2-7DE579AAC047}.Ad-Hoc|x64.Deploy.0 = Release|Any CPU
		{2A496B99-374A-4E4A-9FF2-7DE579AAC047}.Ad-Hoc|x86.ActiveCfg = Release|Any CPU
		{2A496B99-374A-4E4A-9FF2-7DE579AAC047}.Ad-Hoc|x86.Build.0 = Release|Any CPU
		{2A496B99-374A-4E4A-9FF2-7DE579AAC047}.Ad-Hoc|x86.Deploy.0 = Release|Any CPU
		{2A496B99-374A-4E4A-9FF2-7DE579AAC047}.AppStore|Any CPU.ActiveCfg = Release|Any CPU
		{2A496B99-374A-4E4A-9FF2-7DE579AAC047}.AppStore|Any CPU.Build.0 = Release|Any CPU
		{2A496B99-374A-4E4A-9FF2-7DE579AAC047}.AppStore|Any CPU.Deploy.0 = Release|Any CPU
		{2A496B99-374A-4E4A-9FF2-7DE579AAC047}.AppStore|ARM.ActiveCfg = Release|Any CPU
		{2A496B99-374A-4E4A-9FF2-7DE579AAC047}.AppStore|ARM.Build.0 = Release|Any CPU
		{2A496B99-374A-4E4A-9FF2-7DE579AAC047}.AppStore|ARM.Deploy.0 = Release|Any CPU
		{2A496B99-374A-4E4A-9FF2-7DE579AAC047}.AppStore|iPhone.ActiveCfg = Release|Any CPU
		{2A496B99-374A-4E4A-9FF2-7DE579AAC047}.AppStore|iPhone.Build.0 = Release|Any CPU
		{2A496B99-374A-4E4A-9FF2-7DE579AAC047}.AppStore|iPhone.Deploy.0 = Release|Any CPU
		{2A496B99-374A-4E4A-9FF2-7DE579AAC047}.AppStore|iPhoneSimulator.ActiveCfg = Release|Any CPU
		{2A496B99-374A-4E4A-9FF2-7DE579AAC047}.AppStore|iPhoneSimulator.Build.0 = Release|Any CPU
		{2A496B99-374A-4E4A-9FF2-7DE579AAC047}.AppStore|iPhoneSimulator.Deploy.0 = Release|Any CPU
		{2A496B99-374A-4E4A-9FF2-7DE579AAC047}.AppStore|x64.ActiveCfg = Release|Any CPU
		{2A496B99-374A-4E4A-9FF2-7DE579AAC047}.AppStore|x64.Build.0 = Release|Any CPU
		{2A496B99-374A-4E4A-9FF2-7DE579AAC047}.AppStore|x64.Deploy.0 = Release|Any CPU
		{2A496B99-374A-4E4A-9FF2-7DE579AAC047}.AppStore|x86.ActiveCfg = Release|Any CPU
		{2A496B99-374A-4E4A-9FF2-7DE579AAC047}.AppStore|x86.Build.0 = Release|Any CPU
		{2A496B99-374A-4E4A-9FF2-7DE579AAC047}.AppStore|x86.Deploy.0 = Release|Any CPU
		{2A496B99-374A-4E4A-9FF2-7DE579AAC047}.Debug|Any CPU.ActiveCfg = Debug|Any CPU
		{2A496B99-374A-4E4A-9FF2-7DE579AAC047}.Debug|Any CPU.Build.0 = Debug|Any CPU
		{2A496B99-374A-4E4A-9FF2-7DE579AAC047}.Debug|Any CPU.Deploy.0 = Debug|Any CPU
		{2A496B99-374A-4E4A-9FF2-7DE579AAC047}.Debug|ARM.ActiveCfg = Debug|Any CPU
		{2A496B99-374A-4E4A-9FF2-7DE579AAC047}.Debug|ARM.Build.0 = Debug|Any CPU
		{2A496B99-374A-4E4A-9FF2-7DE579AAC047}.Debug|ARM.Deploy.0 = Debug|Any CPU
		{2A496B99-374A-4E4A-9FF2-7DE579AAC047}.Debug|iPhone.ActiveCfg = Debug|Any CPU
		{2A496B99-374A-4E4A-9FF2-7DE579AAC047}.Debug|iPhone.Build.0 = Debug|Any CPU
		{2A496B99-374A-4E4A-9FF2-7DE579AAC047}.Debug|iPhone.Deploy.0 = Debug|Any CPU
		{2A496B99-374A-4E4A-9FF2-7DE579AAC047}.Debug|iPhoneSimulator.ActiveCfg = Debug|Any CPU
		{2A496B99-374A-4E4A-9FF2-7DE579AAC047}.Debug|iPhoneSimulator.Build.0 = Debug|Any CPU
		{2A496B99-374A-4E4A-9FF2-7DE579AAC047}.Debug|iPhoneSimulator.Deploy.0 = Debug|Any CPU
		{2A496B99-374A-4E4A-9FF2-7DE579AAC047}.Debug|x64.ActiveCfg = Debug|Any CPU
		{2A496B99-374A-4E4A-9FF2-7DE579AAC047}.Debug|x64.Build.0 = Debug|Any CPU
		{2A496B99-374A-4E4A-9FF2-7DE579AAC047}.Debug|x64.Deploy.0 = Debug|Any CPU
		{2A496B99-374A-4E4A-9FF2-7DE579AAC047}.Debug|x86.ActiveCfg = Debug|Any CPU
		{2A496B99-374A-4E4A-9FF2-7DE579AAC047}.Debug|x86.Build.0 = Debug|Any CPU
		{2A496B99-374A-4E4A-9FF2-7DE579AAC047}.Debug|x86.Deploy.0 = Debug|Any CPU
		{2A496B99-374A-4E4A-9FF2-7DE579AAC047}.Release|Any CPU.ActiveCfg = Release|Any CPU
		{2A496B99-374A-4E4A-9FF2-7DE579AAC047}.Release|Any CPU.Build.0 = Release|Any CPU
		{2A496B99-374A-4E4A-9FF2-7DE579AAC047}.Release|Any CPU.Deploy.0 = Release|Any CPU
		{2A496B99-374A-4E4A-9FF2-7DE579AAC047}.Release|ARM.ActiveCfg = Release|Any CPU
		{2A496B99-374A-4E4A-9FF2-7DE579AAC047}.Release|ARM.Build.0 = Release|Any CPU
		{2A496B99-374A-4E4A-9FF2-7DE579AAC047}.Release|ARM.Deploy.0 = Release|Any CPU
		{2A496B99-374A-4E4A-9FF2-7DE579AAC047}.Release|iPhone.ActiveCfg = Release|Any CPU
		{2A496B99-374A-4E4A-9FF2-7DE579AAC047}.Release|iPhone.Build.0 = Release|Any CPU
		{2A496B99-374A-4E4A-9FF2-7DE579AAC047}.Release|iPhone.Deploy.0 = Release|Any CPU
		{2A496B99-374A-4E4A-9FF2-7DE579AAC047}.Release|iPhoneSimulator.ActiveCfg = Release|Any CPU
		{2A496B99-374A-4E4A-9FF2-7DE579AAC047}.Release|iPhoneSimulator.Build.0 = Release|Any CPU
		{2A496B99-374A-4E4A-9FF2-7DE579AAC047}.Release|iPhoneSimulator.Deploy.0 = Release|Any CPU
		{2A496B99-374A-4E4A-9FF2-7DE579AAC047}.Release|x64.ActiveCfg = Release|Any CPU
		{2A496B99-374A-4E4A-9FF2-7DE579AAC047}.Release|x64.Build.0 = Release|Any CPU
		{2A496B99-374A-4E4A-9FF2-7DE579AAC047}.Release|x64.Deploy.0 = Release|Any CPU
		{2A496B99-374A-4E4A-9FF2-7DE579AAC047}.Release|x86.ActiveCfg = Release|Any CPU
		{2A496B99-374A-4E4A-9FF2-7DE579AAC047}.Release|x86.Build.0 = Release|Any CPU
		{2A496B99-374A-4E4A-9FF2-7DE579AAC047}.Release|x86.Deploy.0 = Release|Any CPU
		{71B347AC-9353-43B0-9861-EC1741A9BEFE}.Ad-Hoc|Any CPU.ActiveCfg = Ad-Hoc|iPhoneSimulator
		{71B347AC-9353-43B0-9861-EC1741A9BEFE}.Ad-Hoc|ARM.ActiveCfg = Ad-Hoc|iPhone
		{71B347AC-9353-43B0-9861-EC1741A9BEFE}.Ad-Hoc|iPhone.ActiveCfg = Ad-Hoc|iPhone
		{71B347AC-9353-43B0-9861-EC1741A9BEFE}.Ad-Hoc|iPhone.Build.0 = Ad-Hoc|iPhone
		{71B347AC-9353-43B0-9861-EC1741A9BEFE}.Ad-Hoc|iPhoneSimulator.ActiveCfg = Ad-Hoc|iPhoneSimulator
		{71B347AC-9353-43B0-9861-EC1741A9BEFE}.Ad-Hoc|iPhoneSimulator.Build.0 = Ad-Hoc|iPhoneSimulator
		{71B347AC-9353-43B0-9861-EC1741A9BEFE}.Ad-Hoc|x64.ActiveCfg = Ad-Hoc|iPhone
		{71B347AC-9353-43B0-9861-EC1741A9BEFE}.Ad-Hoc|x86.ActiveCfg = Ad-Hoc|iPhone
		{71B347AC-9353-43B0-9861-EC1741A9BEFE}.AppStore|Any CPU.ActiveCfg = AppStore|iPhoneSimulator
		{71B347AC-9353-43B0-9861-EC1741A9BEFE}.AppStore|ARM.ActiveCfg = AppStore|iPhone
		{71B347AC-9353-43B0-9861-EC1741A9BEFE}.AppStore|iPhone.ActiveCfg = AppStore|iPhone
		{71B347AC-9353-43B0-9861-EC1741A9BEFE}.AppStore|iPhone.Build.0 = AppStore|iPhone
		{71B347AC-9353-43B0-9861-EC1741A9BEFE}.AppStore|iPhoneSimulator.ActiveCfg = AppStore|iPhoneSimulator
		{71B347AC-9353-43B0-9861-EC1741A9BEFE}.AppStore|iPhoneSimulator.Build.0 = AppStore|iPhoneSimulator
		{71B347AC-9353-43B0-9861-EC1741A9BEFE}.AppStore|x64.ActiveCfg = AppStore|iPhone
		{71B347AC-9353-43B0-9861-EC1741A9BEFE}.AppStore|x86.ActiveCfg = AppStore|iPhone
		{71B347AC-9353-43B0-9861-EC1741A9BEFE}.Debug|Any CPU.ActiveCfg = Debug|iPhoneSimulator
		{71B347AC-9353-43B0-9861-EC1741A9BEFE}.Debug|ARM.ActiveCfg = Debug|iPhone
		{71B347AC-9353-43B0-9861-EC1741A9BEFE}.Debug|iPhone.ActiveCfg = Debug|iPhone
		{71B347AC-9353-43B0-9861-EC1741A9BEFE}.Debug|iPhone.Build.0 = Debug|iPhone
		{71B347AC-9353-43B0-9861-EC1741A9BEFE}.Debug|iPhoneSimulator.ActiveCfg = Debug|iPhoneSimulator
		{71B347AC-9353-43B0-9861-EC1741A9BEFE}.Debug|iPhoneSimulator.Build.0 = Debug|iPhoneSimulator
		{71B347AC-9353-43B0-9861-EC1741A9BEFE}.Debug|x64.ActiveCfg = Debug|iPhone
		{71B347AC-9353-43B0-9861-EC1741A9BEFE}.Debug|x86.ActiveCfg = Debug|iPhone
		{71B347AC-9353-43B0-9861-EC1741A9BEFE}.Release|Any CPU.ActiveCfg = Release|iPhoneSimulator
		{71B347AC-9353-43B0-9861-EC1741A9BEFE}.Release|ARM.ActiveCfg = Release|iPhone
		{71B347AC-9353-43B0-9861-EC1741A9BEFE}.Release|iPhone.ActiveCfg = Release|iPhone
		{71B347AC-9353-43B0-9861-EC1741A9BEFE}.Release|iPhone.Build.0 = Release|iPhone
		{71B347AC-9353-43B0-9861-EC1741A9BEFE}.Release|iPhoneSimulator.ActiveCfg = Release|iPhoneSimulator
		{71B347AC-9353-43B0-9861-EC1741A9BEFE}.Release|iPhoneSimulator.Build.0 = Release|iPhoneSimulator
		{71B347AC-9353-43B0-9861-EC1741A9BEFE}.Release|x64.ActiveCfg = Release|iPhone
		{71B347AC-9353-43B0-9861-EC1741A9BEFE}.Release|x86.ActiveCfg = Release|iPhone
	EndGlobalSection
	GlobalSection(SolutionProperties) = preSolution
		HideSolutionNode = FALSE
	EndGlobalSection
	GlobalSection(ExtensibilityGlobals) = postSolution
		SolutionGuid = {DEF28E3E-15F7-4D09-874E-6CAC4F96430E}
	EndGlobalSection
EndGlobal
